
Microsoft Visual Studio Solution File, Format Version 12.00
# Visual Studio Version 17
VisualStudioVersion = 17.14.36518.9 d17.14
MinimumVisualStudioVersion = 10.0.40219.1
Project("{FAE04EC0-301F-11D3-BF4B-00C04F79EFBC}") = "bai5", "bai5\bai5.csproj", "{BFC9E7E8-3830-4C75-A6FC-B2C5677F02A9}"
EndProject
Project("{FAE04EC0-301F-11D3-BF4B-00C04F79EFBC}") = "testbai5", "testbai5\testbai5.csproj", "{95C2AA5A-3D34-4703-9A35-D82E90B2184E}"
EndProject
Global
	GlobalSection(SolutionConfigurationPlatforms) = preSolution
		Debug|Any CPU = Debug|Any CPU
		Release|Any CPU = Release|Any CPU
	EndGlobalSection
	GlobalSection(ProjectConfigurationPlatforms) = postSolution
		{BFC9E7E8-3830-4C75-A6FC-B2C5677F02A9}.Debug|Any CPU.ActiveCfg = Debug|Any CPU
		{BFC9E7E8-3830-4C75-A6FC-B2C5677F02A9}.Debug|Any CPU.Build.0 = Debug|Any CPU
		{BFC9E7E8-3830-4C75-A6FC-B2C5677F02A9}.Release|Any CPU.ActiveCfg = Release|Any CPU
		{BFC9E7E8-3830-4C75-A6FC-B2C5677F02A9}.Release|Any CPU.Build.0 = Release|Any CPU
		{95C2AA5A-3D34-4703-9A35-D82E90B2184E}.Debug|Any CPU.ActiveCfg = Debug|Any CPU
		{95C2AA5A-3D34-4703-9A35-D82E90B2184E}.Debug|Any CPU.Build.0 = Debug|Any CPU
		{95C2AA5A-3D34-4703-9A35-D82E90B2184E}.Release|Any CPU.ActiveCfg = Release|Any CPU
		{95C2AA5A-3D34-4703-9A35-D82E90B2184E}.Release|Any CPU.Build.0 = Release|Any CPU
	EndGlobalSection
	GlobalSection(SolutionProperties) = preSolution
		HideSolutionNode = FALSE
	EndGlobalSection
	GlobalSection(ExtensibilityGlobals) = postSolution
		SolutionGuid = {AC4433BB-1EC4-40D7-9534-FE898D6ABD5E}
	EndGlobalSection
EndGlobal
